
Microsoft Visual Studio Solution File, Format Version 12.00
# Visual Studio Version 17
VisualStudioVersion = 17.9.34902.65
MinimumVisualStudioVersion = 10.0.40219.1
Project("{FAE04EC0-301F-11D3-BF4B-00C04F79EFBC}") = "TaşKağıtMakas", "TaşKağıtMakas\TaşKağıtMakas.csproj", "{42AEF18A-0134-4322-B3BA-433F7A51C600}"
EndProject
Global
	GlobalSection(SolutionConfigurationPlatforms) = preSolution
		Debug|Any CPU = Debug|Any CPU
		Release|Any CPU = Release|Any CPU
	EndGlobalSection
	GlobalSection(ProjectConfigurationPlatforms) = postSolution
		{42AEF18A-0134-4322-B3BA-433F7A51C600}.Debug|Any CPU.ActiveCfg = Debug|Any CPU
		{42AEF18A-0134-4322-B3BA-433F7A51C600}.Debug|Any CPU.Build.0 = Debug|Any CPU
		{42AEF18A-0134-4322-B3BA-433F7A51C600}.Release|Any CPU.ActiveCfg = Release|Any CPU
		{42AEF18A-0134-4322-B3BA-433F7A51C600}.Release|Any CPU.Build.0 = Release|Any CPU
	EndGlobalSection
	GlobalSection(SolutionProperties) = preSolution
		HideSolutionNode = FALSE
	EndGlobalSection
	GlobalSection(ExtensibilityGlobals) = postSolution
		SolutionGuid = {768527BC-8E8A-4086-B789-C265EFC6F904}
	EndGlobalSection
EndGlobal
